
Microsoft Visual Studio Solution File, Format Version 12.00
# Visual Studio Version 17
VisualStudioVersion = 17.10.34928.147
MinimumVisualStudioVersion = 10.0.40219.1
Project("{9A19103F-16F7-4668-BE54-9A1E7A4F7556}") = "PersonalizedRecommendationEngine.Logic", "PersonalizedRecommendationEngine.Logic\PersonalizedRecommendationEngine.Logic.csproj", "{FE4FAB18-A5F9-4D02-8C53-B6B1221F22DC}"
EndProject
Project("{9A19103F-16F7-4668-BE54-9A1E7A4F7556}") = "PersonalizedRecommendationEngine.WebApi", "PersonalizedRecommendationEngine.WebApi\PersonalizedRecommendationEngine.WebApi.csproj", "{1C778678-787D-452B-8FB8-31C210DE3756}"
EndProject
Global
	GlobalSection(SolutionConfigurationPlatforms) = preSolution
		Debug|Any CPU = Debug|Any CPU
		Release|Any CPU = Release|Any CPU
	EndGlobalSection
	GlobalSection(ProjectConfigurationPlatforms) = postSolution
		{FE4FAB18-A5F9-4D02-8C53-B6B1221F22DC}.Debug|Any CPU.ActiveCfg = Debug|Any CPU
		{FE4FAB18-A5F9-4D02-8C53-B6B1221F22DC}.Debug|Any CPU.Build.0 = Debug|Any CPU
		{FE4FAB18-A5F9-4D02-8C53-B6B1221F22DC}.Release|Any CPU.ActiveCfg = Release|Any CPU
		{FE4FAB18-A5F9-4D02-8C53-B6B1221F22DC}.Release|Any CPU.Build.0 = Release|Any CPU
		{1C778678-787D-452B-8FB8-31C210DE3756}.Debug|Any CPU.ActiveCfg = Debug|Any CPU
		{1C778678-787D-452B-8FB8-31C210DE3756}.Debug|Any CPU.Build.0 = Debug|Any CPU
		{1C778678-787D-452B-8FB8-31C210DE3756}.Release|Any CPU.ActiveCfg = Release|Any CPU
		{1C778678-787D-452B-8FB8-31C210DE3756}.Release|Any CPU.Build.0 = Release|Any CPU
	EndGlobalSection
	GlobalSection(SolutionProperties) = preSolution
		HideSolutionNode = FALSE
	EndGlobalSection
	GlobalSection(ExtensibilityGlobals) = postSolution
		SolutionGuid = {1730F39C-4B1A-4837-BB00-77A7DD3364BD}
	EndGlobalSection
EndGlobal
